// !$*UTF8*$!
{
	archiveVersion = 1;
	classes = {
	};
	objectVersion = 46;
	objects = {

/* Begin PBXBuildFile section */
		2F4EB0221CB61B0900EC60B6 /* AppDelegate.swift in Sources */ = {isa = PBXBuildFile; fileRef = 2F4EB0211CB61B0900EC60B6 /* AppDelegate.swift */; };
		2F4EB0241CB61B0900EC60B6 /* ViewController.swift in Sources */ = {isa = PBXBuildFile; fileRef = 2F4EB0231CB61B0900EC60B6 /* ViewController.swift */; };
		2F4EB0261CB61B0900EC60B6 /* Assets.xcassets in Resources */ = {isa = PBXBuildFile; fileRef = 2F4EB0251CB61B0900EC60B6 /* Assets.xcassets */; };
		2F4EB0291CB61B0900EC60B6 /* Main.storyboard in Resources */ = {isa = PBXBuildFile; fileRef = 2F4EB0271CB61B0900EC60B6 /* Main.storyboard */; };
		2F4EB0341CB61B0A00EC60B6 /* panel_demoTests.swift in Sources */ = {isa = PBXBuildFile; fileRef = 2F4EB0331CB61B0A00EC60B6 /* panel_demoTests.swift */; };
		2F4EB03F1CB61E8F00EC60B6 /* View.xib in Resources */ = {isa = PBXBuildFile; fileRef = 2F4EB03E1CB61E8F00EC60B6 /* View.xib */; };
		2F4EB0411CB61EA700EC60B6 /* PanelViewController.swift in Sources */ = {isa = PBXBuildFile; fileRef = 2F4EB0401CB61EA700EC60B6 /* PanelViewController.swift */; };
/* End PBXBuildFile section */

/* Begin PBXContainerItemProxy section */
		2F4EB0301CB61B0A00EC60B6 /* PBXContainerItemProxy */ = {
			isa = PBXContainerItemProxy;
			containerPortal = 2F4EB0161CB61B0900EC60B6 /* Project object */;
			proxyType = 1;
			remoteGlobalIDString = 2F4EB01D1CB61B0900EC60B6;
			remoteInfo = "panel-demo";
		};
/* End PBXContainerItemProxy section */

/* Begin PBXFileReference section */
		2F4EB01E1CB61B0900EC60B6 /* panel-demo.app */ = {isa = PBXFileReference; explicitFileType = wrapper.application; includeInIndex = 0; path = "panel-demo.app"; sourceTree = BUILT_PRODUCTS_DIR; };
		2F4EB0211CB61B0900EC60B6 /* AppDelegate.swift */ = {isa = PBXFileReference; lastKnownFileType = sourcecode.swift; path = AppDelegate.swift; sourceTree = "<group>"; };
		2F4EB0231CB61B0900EC60B6 /* ViewController.swift */ = {isa = PBXFileReference; lastKnownFileType = sourcecode.swift; path = ViewController.swift; sourceTree = "<group>"; };
		2F4EB0251CB61B0900EC60B6 /* Assets.xcassets */ = {isa = PBXFileReference; lastKnownFileType = folder.assetcatalog; path = Assets.xcassets; sourceTree = "<group>"; };
		2F4EB0281CB61B0900EC60B6 /* Base */ = {isa = PBXFileReference; lastKnownFileType = file.storyboard; name = Base; path = Base.lproj/Main.storyboard; sourceTree = "<group>"; };
		2F4EB02A1CB61B0900EC60B6 /* Info.plist */ = {isa = PBXFileReference; lastKnownFileType = text.plist.xml; path = Info.plist; sourceTree = "<group>"; };
		2F4EB02F1CB61B0A00EC60B6 /* panel-demoTests.xctest */ = {isa = PBXFileReference; explicitFileType = wrapper.cfbundle; includeInIndex = 0; path = "panel-demoTests.xctest"; sourceTree = BUILT_PRODUCTS_DIR; };
		2F4EB0331CB61B0A00EC60B6 /* panel_demoTests.swift */ = {isa = PBXFileReference; lastKnownFileType = sourcecode.swift; path = panel_demoTests.swift; sourceTree = "<group>"; };
		2F4EB0351CB61B0A00EC60B6 /* Info.plist */ = {isa = PBXFileReference; lastKnownFileType = text.plist.xml; path = Info.plist; sourceTree = "<group>"; };
		2F4EB03E1CB61E8F00EC60B6 /* View.xib */ = {isa = PBXFileReference; fileEncoding = 4; lastKnownFileType = file.xib; path = View.xib; sourceTree = "<group>"; };
		2F4EB0401CB61EA700EC60B6 /* PanelViewController.swift */ = {isa = PBXFileReference; fileEncoding = 4; lastKnownFileType = sourcecode.swift; path = PanelViewController.swift; sourceTree = "<group>"; };
/* End PBXFileReference section */

/* Begin PBXFrameworksBuildPhase section */
		2F4EB01B1CB61B0900EC60B6 /* Frameworks */ = {
			isa = PBXFrameworksBuildPhase;
			buildActionMask = 2147483647;
			files = (
			);
			runOnlyForDeploymentPostprocessing = 0;
		};
		2F4EB02C1CB61B0A00EC60B6 /* Frameworks */ = {
			isa = PBXFrameworksBuildPhase;
			buildActionMask = 2147483647;
			files = (
			);
			runOnlyForDeploymentPostprocessing = 0;
		};
/* End PBXFrameworksBuildPhase section */

/* Begin PBXGroup section */
		2F4EB0151CB61B0900EC60B6 = {
			isa = PBXGroup;
			children = (
				2F4EB0201CB61B0900EC60B6 /* panel-demo */,
				2F4EB0321CB61B0A00EC60B6 /* panel-demoTests */,
				2F4EB01F1CB61B0900EC60B6 /* Products */,
			);
			sourceTree = "<group>";
		};
		2F4EB01F1CB61B0900EC60B6 /* Products */ = {
			isa = PBXGroup;
			children = (
				2F4EB01E1CB61B0900EC60B6 /* panel-demo.app */,
				2F4EB02F1CB61B0A00EC60B6 /* panel-demoTests.xctest */,
			);
			name = Products;
			sourceTree = "<group>";
		};
		2F4EB0201CB61B0900EC60B6 /* panel-demo */ = {
			isa = PBXGroup;
			children = (
				2F4EB0211CB61B0900EC60B6 /* AppDelegate.swift */,
				2F4EB0231CB61B0900EC60B6 /* ViewController.swift */,
				2F4EB03E1CB61E8F00EC60B6 /* View.xib */,
				2F4EB0401CB61EA700EC60B6 /* PanelViewController.swift */,
				2F4EB0251CB61B0900EC60B6 /* Assets.xcassets */,
				2F4EB0271CB61B0900EC60B6 /* Main.storyboard */,
				2F4EB02A1CB61B0900EC60B6 /* Info.plist */,
			);
			path = "panel-demo";
			sourceTree = "<group>";
		};
		2F4EB0321CB61B0A00EC60B6 /* panel-demoTests */ = {
			isa = PBXGroup;
			children = (
				2F4EB0331CB61B0A00EC60B6 /* panel_demoTests.swift */,
				2F4EB0351CB61B0A00EC60B6 /* Info.plist */,
			);
			path = "panel-demoTests";
			sourceTree = "<group>";
		};
/* End PBXGroup section */

/* Begin PBXNativeTarget section */
		2F4EB01D1CB61B0900EC60B6 /* panel-demo */ = {
			isa = PBXNativeTarget;
			buildConfigurationList = 2F4EB0381CB61B0A00EC60B6 /* Build configuration list for PBXNativeTarget "panel-demo" */;
			buildPhases = (
				2F4EB01A1CB61B0900EC60B6 /* Sources */,
				2F4EB01B1CB61B0900EC60B6 /* Frameworks */,
				2F4EB01C1CB61B0900EC60B6 /* Resources */,
			);
			buildRules = (
			);
			dependencies = (
			);
			name = "panel-demo";
			productName = "panel-demo";
			productReference = 2F4EB01E1CB61B0900EC60B6 /* panel-demo.app */;
			productType = "com.apple.product-type.application";
		};
		2F4EB02E1CB61B0A00EC60B6 /* panel-demoTests */ = {
			isa = PBXNativeTarget;
			buildConfigurationList = 2F4EB03B1CB61B0A00EC60B6 /* Build configuration list for PBXNativeTarget "panel-demoTests" */;
			buildPhases = (
				2F4EB02B1CB61B0A00EC60B6 /* Sources */,
				2F4EB02C1CB61B0A00EC60B6 /* Frameworks */,
				2F4EB02D1CB61B0A00EC60B6 /* Resources */,
			);
			buildRules = (
			);
			dependencies = (
				2F4EB0311CB61B0A00EC60B6 /* PBXTargetDependency */,
			);
			name = "panel-demoTests";
			productName = "panel-demoTests";
			productReference = 2F4EB02F1CB61B0A00EC60B6 /* panel-demoTests.xctest */;
			productType = "com.apple.product-type.bundle.unit-test";
		};
/* End PBXNativeTarget section */

/* Begin PBXProject section */
		2F4EB0161CB61B0900EC60B6 /* Project object */ = {
			isa = PBXProject;
			attributes = {
				LastSwiftUpdateCheck = 0730;
				LastUpgradeCheck = 0730;
				ORGANIZATIONNAME = "HASHIMOTO Wataru";
				TargetAttributes = {
					2F4EB01D1CB61B0900EC60B6 = {
						CreatedOnToolsVersion = 7.3;
					};
					2F4EB02E1CB61B0A00EC60B6 = {
						CreatedOnToolsVersion = 7.3;
						TestTargetID = 2F4EB01D1CB61B0900EC60B6;
					};
				};
			};
			buildConfigurationList = 2F4EB0191CB61B0900EC60B6 /* Build configuration list for PBXProject "panel-demo" */;
			compatibilityVersion = "Xcode 3.2";
			developmentRegion = English;
			hasScannedForEncodings = 0;
			knownRegions = (
				en,
				Base,
			);
			mainGroup = 2F4EB0151CB61B0900EC60B6;
			productRefGroup = 2F4EB01F1CB61B0900EC60B6 /* Products */;
			projectDirPath = "";
			projectRoot = "";
			targets = (
				2F4EB01D1CB61B0900EC60B6 /* panel-demo */,
				2F4EB02E1CB61B0A00EC60B6 /* panel-demoTests */,
			);
		};
/* End PBXProject section */

/* Begin PBXResourcesBuildPhase section */
		2F4EB01C1CB61B0900EC60B6 /* Resources */ = {
			isa = PBXResourcesBuildPhase;
			buildActionMask = 2147483647;
			files = (
				2F4EB0261CB61B0900EC60B6 /* Assets.xcassets in Resources */,
				2F4EB03F1CB61E8F00EC60B6 /* View.xib in Resources */,
				2F4EB0291CB61B0900EC60B6 /* Main.storyboard in Resources */,
			);
			runOnlyForDeploymentPostprocessing = 0;
		};
		2F4EB02D1CB61B0A00EC60B6 /* Resources */ = {
			isa = PBXResourcesBuildPhase;
			buildActionMask = 2147483647;
			files = (
			);
			runOnlyForDeploymentPostprocessing = 0;
		};
/* End PBXResourcesBuildPhase section */

/* Begin PBXSourcesBuildPhase section */
		2F4EB01A1CB61B0900EC60B6 /* Sources */ = {
			isa = PBXSourcesBuildPhase;
			buildActionMask = 2147483647;
			files = (
				2F4EB0241CB61B0900EC60B6 /* ViewController.swift in Sources */,
				2F4EB0221CB61B0900EC60B6 /* AppDelegate.swift in Sources */,
				2F4EB0411CB61EA700EC60B6 /* PanelViewController.swift in Sources */,
			);
			runOnlyForDeploymentPostprocessing = 0;
		};
		2F4EB02B1CB61B0A00EC60B6 /* Sources */ = {
			isa = PBXSourcesBuildPhase;
			buildActionMask = 2147483647;
			files = (
				2F4EB0341CB61B0A00EC60B6 /* panel_demoTests.swift in Sources */,
			);
			runOnlyForDeploymentPostprocessing = 0;
		};
/* End PBXSourcesBuildPhase section */

/* Begin PBXTargetDependency section */
		2F4EB0311CB61B0A00EC60B6 /* PBXTargetDependency */ = {
			isa = PBXTargetDependency;
			target = 2F4EB01D1CB61B0900EC60B6 /* panel-demo */;
			targetProxy = 2F4EB0301CB61B0A00EC60B6 /* PBXContainerItemProxy */;
		};
/* End PBXTargetDependency section */

/* Begin PBXVariantGroup section */
		2F4EB0271CB61B0900EC60B6 /* Main.storyboard */ = {
			isa = PBXVariantGroup;
			children = (
				2F4EB0281CB61B0900EC60B6 /* Base */,
			);
			name = Main.storyboard;
			sourceTree = "<group>";
		};
/* End PBXVariantGroup section */

/* Begin XCBuildConfiguration section */
		2F4EB0361CB61B0A00EC60B6 /* Debug */ = {
			isa = XCBuildConfiguration;
			buildSettings = {
				ALWAYS_SEARCH_USER_PATHS = NO;
				CLANG_ANALYZER_NONNULL = YES;
				CLANG_CXX_LANGUAGE_STANDARD = "gnu++0x";
				CLANG_CXX_LIBRARY = "libc++";
				CLANG_ENABLE_MODULES = YES;
				CLANG_ENABLE_OBJC_ARC = YES;
				CLANG_WARN_BOOL_CONVERSION = YES;
				CLANG_WARN_CONSTANT_CONVERSION = YES;
				CLANG_WARN_DIRECT_OBJC_ISA_USAGE = YES_ERROR;
				CLANG_WARN_EMPTY_BODY = YES;
				CLANG_WARN_ENUM_CONVERSION = YES;
				CLANG_WARN_INT_CONVERSION = YES;
				CLANG_WARN_OBJC_ROOT_CLASS = YES_ERROR;
				CLANG_WARN_UNREACHABLE_CODE = YES;
				CLANG_WARN__DUPLICATE_METHOD_MATCH = YES;
				CODE_SIGN_IDENTITY = "-";
				COPY_PHASE_STRIP = NO;
				DEBUG_INFORMATION_FORMAT = dwarf;
				ENABLE_STRICT_OBJC_MSGSEND = YES;
				ENABLE_TESTABILITY = YES;
				GCC_C_LANGUAGE_STANDARD = gnu99;
				GCC_DYNAMIC_NO_PIC = NO;
				GCC_NO_COMMON_BLOCKS = YES;
				GCC_OPTIMIZATION_LEVEL = 0;
				GCC_PREPROCESSOR_DEFINITIONS = (
					"DEBUG=1",
					"$(inherited)",
				);
				GCC_WARN_64_TO_32_BIT_CONVERSION = YES;
				GCC_WARN_ABOUT_RETURN_TYPE = YES_ERROR;
				GCC_WARN_UNDECLARED_SELECTOR = YES;
				GCC_WARN_UNINITIALIZED_AUTOS = YES_AGGRESSIVE;
				GCC_WARN_UNUSED_FUNCTION = YES;
				GCC_WARN_UNUSED_VARIABLE = YES;
				MACOSX_DEPLOYMENT_TARGET = 10.11;
				MTL_ENABLE_DEBUG_INFO = YES;
				ONLY_ACTIVE_ARCH = YES;
				SDKROOT = macosx;
				SWIFT_OPTIMIZATION_LEVEL = "-Onone";
			};
			name = Debug;
		};
		2F4EB0371CB61B0A00EC60B6 /* Release */ = {
			isa = XCBuildConfiguration;
			buildSettings = {
				ALWAYS_SEARCH_USER_PATHS = NO;
				CLANG_ANALYZER_NONNULL = YES;
				CLANG_CXX_LANGUAGE_STANDARD = "gnu++0x";
				CLANG_CXX_LIBRARY = "libc++";
				CLANG_ENABLE_MODULES = YES;
				CLANG_ENABLE_OBJC_ARC = YES;
				CLANG_WARN_BOOL_CONVERSION = YES;
				CLANG_WARN_CONSTANT_CONVERSION = YES;
				CLANG_WARN_DIRECT_OBJC_ISA_USAGE = YES_ERROR;
				CLANG_WARN_EMPTY_BODY = YES;
				CLANG_WARN_ENUM_CONVERSION = YES;
				CLANG_WARN_INT_CONVERSION = YES;
				CLANG_WARN_OBJC_ROOT_CLASS = YES_ERROR;
				CLANG_WARN_UNREACHABLE_CODE = YES;
				CLANG_WARN__DUPLICATE_METHOD_MATCH = YES;
				CODE_SIGN_IDENTITY = "-";
				COPY_PHASE_STRIP = NO;
				DEBUG_INFORMATION_FORMAT = "dwarf-with-dsym";
				ENABLE_NS_ASSERTIONS = NO;
				ENABLE_STRICT_OBJC_MSGSEND = YES;
				GCC_C_LANGUAGE_STANDARD = gnu99;
				GCC_NO_COMMON_BLOCKS = YES;
				GCC_WARN_64_TO_32_BIT_CONVERSION = YES;
				GCC_WARN_ABOUT_RETURN_TYPE = YES_ERROR;
				GCC_WARN_UNDECLARED_SELECTOR = YES;
				GCC_WARN_UNINITIALIZED_AUTOS = YES_AGGRESSIVE;
				GCC_WARN_UNUSED_FUNCTION = YES;
				GCC_WARN_UNUSED_VARIABLE = YES;
				MACOSX_DEPLOYMENT_TARGET = 10.11;
				MTL_ENABLE_DEBUG_INFO = NO;
				SDKROOT = macosx;
			};
			name = Release;
		};
		2F4EB0391CB61B0A00EC60B6 /* Debug */ = {
			isa = XCBuildConfiguration;
			buildSettings = {
				ASSETCATALOG_COMPILER_APPICON_NAME = AppIcon;
				COMBINE_HIDPI_IMAGES = YES;
				INFOPLIST_FILE = "panel-demo/Info.plist";
				LD_RUNPATH_SEARCH_PATHS = "$(inherited) @executable_path/../Frameworks";
				PRODUCT_BUNDLE_IDENTIFIER = "info.wataruhash.panel-demo";
				PRODUCT_NAME = "$(TARGET_NAME)";
			};
			name = Debug;
		};
		2F4EB03A1CB61B0A00EC60B6 /* Release */ = {
			isa = XCBuildConfiguration;
			buildSettings = {
				ASSETCATALOG_COMPILER_APPICON_NAME = AppIcon;
				COMBINE_HIDPI_IMAGES = YES;
				INFOPLIST_FILE = "panel-demo/Info.plist";
				LD_RUNPATH_SEARCH_PATHS = "$(inherited) @executable_path/../Frameworks";
				PRODUCT_BUNDLE_IDENTIFIER = "info.wataruhash.panel-demo";
				PRODUCT_NAME = "$(TARGET_NAME)";
			};
			name = Release;
		};
		2F4EB03C1CB61B0A00EC60B6 /* Debug */ = {
			isa = XCBuildConfiguration;
			buildSettings = {
				BUNDLE_LOADER = "$(TEST_HOST)";
				COMBINE_HIDPI_IMAGES = YES;
				INFOPLIST_FILE = "panel-demoTests/Info.plist";
				LD_RUNPATH_SEARCH_PATHS = "$(inherited) @executable_path/../Frameworks @loader_path/../Frameworks";
				PRODUCT_BUNDLE_IDENTIFIER = "info.wataruhash.panel-demoTests";
				PRODUCT_NAME = "$(TARGET_NAME)";
				TEST_HOST = "$(BUILT_PRODUCTS_DIR)/panel-demo.app/Contents/MacOS/panel-demo";
			};
			name = Debug;
		};
		2F4EB03D1CB61B0A00EC60B6 /* Release */ = {
			isa = XCBuildConfiguration;
			buildSettings = {
				BUNDLE_LOADER = "$(TEST_HOST)";
				COMBINE_HIDPI_IMAGES = YES;
				INFOPLIST_FILE = "panel-demoTests/Info.plist";
				LD_RUNPATH_SEARCH_PATHS = "$(inherited) @executable_path/../Frameworks @loader_path/../Frameworks";
				PRODUCT_BUNDLE_IDENTIFIER = "info.wataruhash.panel-demoTests";
				PRODUCT_NAME = "$(TARGET_NAME)";
				TEST_HOST = "$(BUILT_PRODUCTS_DIR)/panel-demo.app/Contents/MacOS/panel-demo";
			};
			name = Release;
		};
/* End XCBuildConfiguration section */

/* Begin XCConfigurationList section */
		2F4EB0191CB61B0900EC60B6 /* Build configuration list for PBXProject "panel-demo" */ = {
			isa = XCConfigurationList;
			buildConfigurations = (
				2F4EB0361CB61B0A00EC60B6 /* Debug */,
				2F4EB0371CB61B0A00EC60B6 /* Release */,
			);
			defaultConfigurationIsVisible = 0;
			defaultConfigurationName = Release;
		};
		2F4EB0381CB61B0A00EC60B6 /* Build configuration list for PBXNativeTarget "panel-demo" */ = {
			isa = XCConfigurationList;
			buildConfigurations = (
				2F4EB0391CB61B0A00EC60B6 /* Debug */,
				2F4EB03A1CB61B0A00EC60B6 /* Release */,
			);
			defaultConfigurationIsVisible = 0;
		};
		2F4EB03B1CB61B0A00EC60B6 /* Build configuration list for PBXNativeTarget "panel-demoTests" */ = {
			isa = XCConfigurationList;
			buildConfigurations = (
				2F4EB03C1CB61B0A00EC60B6 /* Debug */,
				2F4EB03D1CB61B0A00EC60B6 /* Release */,
			);
			defaultConfigurationIsVisible = 0;
		};
/* End XCConfigurationList section */
	};
	rootObject = 2F4EB0161CB61B0900EC60B6 /* Project object */;
}
