// !$*UTF8*$!
{
	archiveVersion = 1;
	classes = {
	};
	objectVersion = 46;
	objects = {

/* Begin PBXBuildFile section */
		2F4811CE1CACDDBA0019171A /* AppDelegate.swift in Sources */ = {isa = PBXBuildFile; fileRef = 2F4811CD1CACDDBA0019171A /* AppDelegate.swift */; };
		2F4811D01CACDDBA0019171A /* ViewController.swift in Sources */ = {isa = PBXBuildFile; fileRef = 2F4811CF1CACDDBA0019171A /* ViewController.swift */; };
		2F4811D21CACDDBA0019171A /* Assets.xcassets in Resources */ = {isa = PBXBuildFile; fileRef = 2F4811D11CACDDBA0019171A /* Assets.xcassets */; };
		2F4811D51CACDDBA0019171A /* Main.storyboard in Resources */ = {isa = PBXBuildFile; fileRef = 2F4811D31CACDDBA0019171A /* Main.storyboard */; };
		2F4811E01CACDDBA0019171A /* your_desktop_imageTests.swift in Sources */ = {isa = PBXBuildFile; fileRef = 2F4811DF1CACDDBA0019171A /* your_desktop_imageTests.swift */; };
		2F4811EB1CACF4930019171A /* helpbook.help in Resources */ = {isa = PBXBuildFile; fileRef = 2F4811EA1CACF4930019171A /* helpbook.help */; };
/* End PBXBuildFile section */

/* Begin PBXContainerItemProxy section */
		2F4811DC1CACDDBA0019171A /* PBXContainerItemProxy */ = {
			isa = PBXContainerItemProxy;
			containerPortal = 2F4811C21CACDDBA0019171A /* Project object */;
			proxyType = 1;
			remoteGlobalIDString = 2F4811C91CACDDBA0019171A;
			remoteInfo = "your-desktop-image";
		};
/* End PBXContainerItemProxy section */

/* Begin PBXFileReference section */
		2F4811CA1CACDDBA0019171A /* your-desktop-image.app */ = {isa = PBXFileReference; explicitFileType = wrapper.application; includeInIndex = 0; path = "your-desktop-image.app"; sourceTree = BUILT_PRODUCTS_DIR; };
		2F4811CD1CACDDBA0019171A /* AppDelegate.swift */ = {isa = PBXFileReference; lastKnownFileType = sourcecode.swift; path = AppDelegate.swift; sourceTree = "<group>"; };
		2F4811CF1CACDDBA0019171A /* ViewController.swift */ = {isa = PBXFileReference; lastKnownFileType = sourcecode.swift; path = ViewController.swift; sourceTree = "<group>"; };
		2F4811D11CACDDBA0019171A /* Assets.xcassets */ = {isa = PBXFileReference; lastKnownFileType = folder.assetcatalog; path = Assets.xcassets; sourceTree = "<group>"; };
		2F4811D41CACDDBA0019171A /* Base */ = {isa = PBXFileReference; lastKnownFileType = file.storyboard; name = Base; path = Base.lproj/Main.storyboard; sourceTree = "<group>"; };
		2F4811D61CACDDBA0019171A /* Info.plist */ = {isa = PBXFileReference; lastKnownFileType = text.plist.xml; path = Info.plist; sourceTree = "<group>"; };
		2F4811DB1CACDDBA0019171A /* your-desktop-imageTests.xctest */ = {isa = PBXFileReference; explicitFileType = wrapper.cfbundle; includeInIndex = 0; path = "your-desktop-imageTests.xctest"; sourceTree = BUILT_PRODUCTS_DIR; };
		2F4811DF1CACDDBA0019171A /* your_desktop_imageTests.swift */ = {isa = PBXFileReference; lastKnownFileType = sourcecode.swift; path = your_desktop_imageTests.swift; sourceTree = "<group>"; };
		2F4811E11CACDDBA0019171A /* Info.plist */ = {isa = PBXFileReference; lastKnownFileType = text.plist.xml; path = Info.plist; sourceTree = "<group>"; };
		2F4811EA1CACF4930019171A /* helpbook.help */ = {isa = PBXFileReference; lastKnownFileType = folder; name = helpbook.help; path = ../../helpbook.help; sourceTree = "<group>"; };
/* End PBXFileReference section */

/* Begin PBXFrameworksBuildPhase section */
		2F4811C71CACDDBA0019171A /* Frameworks */ = {
			isa = PBXFrameworksBuildPhase;
			buildActionMask = 2147483647;
			files = (
			);
			runOnlyForDeploymentPostprocessing = 0;
		};
		2F4811D81CACDDBA0019171A /* Frameworks */ = {
			isa = PBXFrameworksBuildPhase;
			buildActionMask = 2147483647;
			files = (
			);
			runOnlyForDeploymentPostprocessing = 0;
		};
/* End PBXFrameworksBuildPhase section */

/* Begin PBXGroup section */
		2F4811C11CACDDBA0019171A = {
			isa = PBXGroup;
			children = (
				2F4811CC1CACDDBA0019171A /* your-desktop-image */,
				2F4811DE1CACDDBA0019171A /* your-desktop-imageTests */,
				2F4811CB1CACDDBA0019171A /* Products */,
			);
			sourceTree = "<group>";
		};
		2F4811CB1CACDDBA0019171A /* Products */ = {
			isa = PBXGroup;
			children = (
				2F4811CA1CACDDBA0019171A /* your-desktop-image.app */,
				2F4811DB1CACDDBA0019171A /* your-desktop-imageTests.xctest */,
			);
			name = Products;
			sourceTree = "<group>";
		};
		2F4811CC1CACDDBA0019171A /* your-desktop-image */ = {
			isa = PBXGroup;
			children = (
				2F4811CD1CACDDBA0019171A /* AppDelegate.swift */,
				2F4811CF1CACDDBA0019171A /* ViewController.swift */,
				2F4811D11CACDDBA0019171A /* Assets.xcassets */,
				2F4811D31CACDDBA0019171A /* Main.storyboard */,
				2F4811D61CACDDBA0019171A /* Info.plist */,
				2F4811EA1CACF4930019171A /* helpbook.help */,
			);
			path = "your-desktop-image";
			sourceTree = "<group>";
		};
		2F4811DE1CACDDBA0019171A /* your-desktop-imageTests */ = {
			isa = PBXGroup;
			children = (
				2F4811DF1CACDDBA0019171A /* your_desktop_imageTests.swift */,
				2F4811E11CACDDBA0019171A /* Info.plist */,
			);
			path = "your-desktop-imageTests";
			sourceTree = "<group>";
		};
/* End PBXGroup section */

/* Begin PBXNativeTarget section */
		2F4811C91CACDDBA0019171A /* your-desktop-image */ = {
			isa = PBXNativeTarget;
			buildConfigurationList = 2F4811E41CACDDBA0019171A /* Build configuration list for PBXNativeTarget "your-desktop-image" */;
			buildPhases = (
				2F4811C61CACDDBA0019171A /* Sources */,
				2F4811C71CACDDBA0019171A /* Frameworks */,
				2F4811C81CACDDBA0019171A /* Resources */,
			);
			buildRules = (
			);
			dependencies = (
			);
			name = "your-desktop-image";
			productName = "your-desktop-image";
			productReference = 2F4811CA1CACDDBA0019171A /* your-desktop-image.app */;
			productType = "com.apple.product-type.application";
		};
		2F4811DA1CACDDBA0019171A /* your-desktop-imageTests */ = {
			isa = PBXNativeTarget;
			buildConfigurationList = 2F4811E71CACDDBA0019171A /* Build configuration list for PBXNativeTarget "your-desktop-imageTests" */;
			buildPhases = (
				2F4811D71CACDDBA0019171A /* Sources */,
				2F4811D81CACDDBA0019171A /* Frameworks */,
				2F4811D91CACDDBA0019171A /* Resources */,
			);
			buildRules = (
			);
			dependencies = (
				2F4811DD1CACDDBA0019171A /* PBXTargetDependency */,
			);
			name = "your-desktop-imageTests";
			productName = "your-desktop-imageTests";
			productReference = 2F4811DB1CACDDBA0019171A /* your-desktop-imageTests.xctest */;
			productType = "com.apple.product-type.bundle.unit-test";
		};
/* End PBXNativeTarget section */

/* Begin PBXProject section */
		2F4811C21CACDDBA0019171A /* Project object */ = {
			isa = PBXProject;
			attributes = {
				LastSwiftUpdateCheck = 0730;
				LastUpgradeCheck = 0730;
				ORGANIZATIONNAME = "HASHIMOTO Wataru";
				TargetAttributes = {
					2F4811C91CACDDBA0019171A = {
						CreatedOnToolsVersion = 7.3;
					};
					2F4811DA1CACDDBA0019171A = {
						CreatedOnToolsVersion = 7.3;
						TestTargetID = 2F4811C91CACDDBA0019171A;
					};
				};
			};
			buildConfigurationList = 2F4811C51CACDDBA0019171A /* Build configuration list for PBXProject "your-desktop-image" */;
			compatibilityVersion = "Xcode 3.2";
			developmentRegion = English;
			hasScannedForEncodings = 0;
			knownRegions = (
				en,
				Base,
			);
			mainGroup = 2F4811C11CACDDBA0019171A;
			productRefGroup = 2F4811CB1CACDDBA0019171A /* Products */;
			projectDirPath = "";
			projectRoot = "";
			targets = (
				2F4811C91CACDDBA0019171A /* your-desktop-image */,
				2F4811DA1CACDDBA0019171A /* your-desktop-imageTests */,
			);
		};
/* End PBXProject section */

/* Begin PBXResourcesBuildPhase section */
		2F4811C81CACDDBA0019171A /* Resources */ = {
			isa = PBXResourcesBuildPhase;
			buildActionMask = 2147483647;
			files = (
				2F4811EB1CACF4930019171A /* helpbook.help in Resources */,
				2F4811D21CACDDBA0019171A /* Assets.xcassets in Resources */,
				2F4811D51CACDDBA0019171A /* Main.storyboard in Resources */,
			);
			runOnlyForDeploymentPostprocessing = 0;
		};
		2F4811D91CACDDBA0019171A /* Resources */ = {
			isa = PBXResourcesBuildPhase;
			buildActionMask = 2147483647;
			files = (
			);
			runOnlyForDeploymentPostprocessing = 0;
		};
/* End PBXResourcesBuildPhase section */

/* Begin PBXSourcesBuildPhase section */
		2F4811C61CACDDBA0019171A /* Sources */ = {
			isa = PBXSourcesBuildPhase;
			buildActionMask = 2147483647;
			files = (
				2F4811D01CACDDBA0019171A /* ViewController.swift in Sources */,
				2F4811CE1CACDDBA0019171A /* AppDelegate.swift in Sources */,
			);
			runOnlyForDeploymentPostprocessing = 0;
		};
		2F4811D71CACDDBA0019171A /* Sources */ = {
			isa = PBXSourcesBuildPhase;
			buildActionMask = 2147483647;
			files = (
				2F4811E01CACDDBA0019171A /* your_desktop_imageTests.swift in Sources */,
			);
			runOnlyForDeploymentPostprocessing = 0;
		};
/* End PBXSourcesBuildPhase section */

/* Begin PBXTargetDependency section */
		2F4811DD1CACDDBA0019171A /* PBXTargetDependency */ = {
			isa = PBXTargetDependency;
			target = 2F4811C91CACDDBA0019171A /* your-desktop-image */;
			targetProxy = 2F4811DC1CACDDBA0019171A /* PBXContainerItemProxy */;
		};
/* End PBXTargetDependency section */

/* Begin PBXVariantGroup section */
		2F4811D31CACDDBA0019171A /* Main.storyboard */ = {
			isa = PBXVariantGroup;
			children = (
				2F4811D41CACDDBA0019171A /* Base */,
			);
			name = Main.storyboard;
			sourceTree = "<group>";
		};
/* End PBXVariantGroup section */

/* Begin XCBuildConfiguration section */
		2F4811E21CACDDBA0019171A /* Debug */ = {
			isa = XCBuildConfiguration;
			buildSettings = {
				ALWAYS_SEARCH_USER_PATHS = NO;
				CLANG_ANALYZER_NONNULL = YES;
				CLANG_CXX_LANGUAGE_STANDARD = "gnu++0x";
				CLANG_CXX_LIBRARY = "libc++";
				CLANG_ENABLE_MODULES = YES;
				CLANG_ENABLE_OBJC_ARC = YES;
				CLANG_WARN_BOOL_CONVERSION = YES;
				CLANG_WARN_CONSTANT_CONVERSION = YES;
				CLANG_WARN_DIRECT_OBJC_ISA_USAGE = YES_ERROR;
				CLANG_WARN_EMPTY_BODY = YES;
				CLANG_WARN_ENUM_CONVERSION = YES;
				CLANG_WARN_INT_CONVERSION = YES;
				CLANG_WARN_OBJC_ROOT_CLASS = YES_ERROR;
				CLANG_WARN_UNREACHABLE_CODE = YES;
				CLANG_WARN__DUPLICATE_METHOD_MATCH = YES;
				CODE_SIGN_IDENTITY = "-";
				COPY_PHASE_STRIP = NO;
				DEBUG_INFORMATION_FORMAT = dwarf;
				ENABLE_STRICT_OBJC_MSGSEND = YES;
				ENABLE_TESTABILITY = YES;
				GCC_C_LANGUAGE_STANDARD = gnu99;
				GCC_DYNAMIC_NO_PIC = NO;
				GCC_NO_COMMON_BLOCKS = YES;
				GCC_OPTIMIZATION_LEVEL = 0;
				GCC_PREPROCESSOR_DEFINITIONS = (
					"DEBUG=1",
					"$(inherited)",
				);
				GCC_WARN_64_TO_32_BIT_CONVERSION = YES;
				GCC_WARN_ABOUT_RETURN_TYPE = YES_ERROR;
				GCC_WARN_UNDECLARED_SELECTOR = YES;
				GCC_WARN_UNINITIALIZED_AUTOS = YES_AGGRESSIVE;
				GCC_WARN_UNUSED_FUNCTION = YES;
				GCC_WARN_UNUSED_VARIABLE = YES;
				MACOSX_DEPLOYMENT_TARGET = 10.11;
				MTL_ENABLE_DEBUG_INFO = YES;
				ONLY_ACTIVE_ARCH = YES;
				SDKROOT = macosx;
				SWIFT_OPTIMIZATION_LEVEL = "-Onone";
			};
			name = Debug;
		};
		2F4811E31CACDDBA0019171A /* Release */ = {
			isa = XCBuildConfiguration;
			buildSettings = {
				ALWAYS_SEARCH_USER_PATHS = NO;
				CLANG_ANALYZER_NONNULL = YES;
				CLANG_CXX_LANGUAGE_STANDARD = "gnu++0x";
				CLANG_CXX_LIBRARY = "libc++";
				CLANG_ENABLE_MODULES = YES;
				CLANG_ENABLE_OBJC_ARC = YES;
				CLANG_WARN_BOOL_CONVERSION = YES;
				CLANG_WARN_CONSTANT_CONVERSION = YES;
				CLANG_WARN_DIRECT_OBJC_ISA_USAGE = YES_ERROR;
				CLANG_WARN_EMPTY_BODY = YES;
				CLANG_WARN_ENUM_CONVERSION = YES;
				CLANG_WARN_INT_CONVERSION = YES;
				CLANG_WARN_OBJC_ROOT_CLASS = YES_ERROR;
				CLANG_WARN_UNREACHABLE_CODE = YES;
				CLANG_WARN__DUPLICATE_METHOD_MATCH = YES;
				CODE_SIGN_IDENTITY = "-";
				COPY_PHASE_STRIP = NO;
				DEBUG_INFORMATION_FORMAT = "dwarf-with-dsym";
				ENABLE_NS_ASSERTIONS = NO;
				ENABLE_STRICT_OBJC_MSGSEND = YES;
				GCC_C_LANGUAGE_STANDARD = gnu99;
				GCC_NO_COMMON_BLOCKS = YES;
				GCC_WARN_64_TO_32_BIT_CONVERSION = YES;
				GCC_WARN_ABOUT_RETURN_TYPE = YES_ERROR;
				GCC_WARN_UNDECLARED_SELECTOR = YES;
				GCC_WARN_UNINITIALIZED_AUTOS = YES_AGGRESSIVE;
				GCC_WARN_UNUSED_FUNCTION = YES;
				GCC_WARN_UNUSED_VARIABLE = YES;
				MACOSX_DEPLOYMENT_TARGET = 10.11;
				MTL_ENABLE_DEBUG_INFO = NO;
				SDKROOT = macosx;
			};
			name = Release;
		};
		2F4811E51CACDDBA0019171A /* Debug */ = {
			isa = XCBuildConfiguration;
			buildSettings = {
				ASSETCATALOG_COMPILER_APPICON_NAME = AppIcon;
				COMBINE_HIDPI_IMAGES = YES;
				INFOPLIST_FILE = "your-desktop-image/Info.plist";
				LD_RUNPATH_SEARCH_PATHS = "$(inherited) @executable_path/../Frameworks";
				PRODUCT_BUNDLE_IDENTIFIER = "info.wataruhash.your-desktop-image";
				PRODUCT_NAME = "$(TARGET_NAME)";
			};
			name = Debug;
		};
		2F4811E61CACDDBA0019171A /* Release */ = {
			isa = XCBuildConfiguration;
			buildSettings = {
				ASSETCATALOG_COMPILER_APPICON_NAME = AppIcon;
				COMBINE_HIDPI_IMAGES = YES;
				INFOPLIST_FILE = "your-desktop-image/Info.plist";
				LD_RUNPATH_SEARCH_PATHS = "$(inherited) @executable_path/../Frameworks";
				PRODUCT_BUNDLE_IDENTIFIER = "info.wataruhash.your-desktop-image";
				PRODUCT_NAME = "$(TARGET_NAME)";
			};
			name = Release;
		};
		2F4811E81CACDDBA0019171A /* Debug */ = {
			isa = XCBuildConfiguration;
			buildSettings = {
				BUNDLE_LOADER = "$(TEST_HOST)";
				COMBINE_HIDPI_IMAGES = YES;
				INFOPLIST_FILE = "your-desktop-imageTests/Info.plist";
				LD_RUNPATH_SEARCH_PATHS = "$(inherited) @executable_path/../Frameworks @loader_path/../Frameworks";
				PRODUCT_BUNDLE_IDENTIFIER = "info.wataruhash.your-desktop-imageTests";
				PRODUCT_NAME = "$(TARGET_NAME)";
				TEST_HOST = "$(BUILT_PRODUCTS_DIR)/your-desktop-image.app/Contents/MacOS/your-desktop-image";
			};
			name = Debug;
		};
		2F4811E91CACDDBA0019171A /* Release */ = {
			isa = XCBuildConfiguration;
			buildSettings = {
				BUNDLE_LOADER = "$(TEST_HOST)";
				COMBINE_HIDPI_IMAGES = YES;
				INFOPLIST_FILE = "your-desktop-imageTests/Info.plist";
				LD_RUNPATH_SEARCH_PATHS = "$(inherited) @executable_path/../Frameworks @loader_path/../Frameworks";
				PRODUCT_BUNDLE_IDENTIFIER = "info.wataruhash.your-desktop-imageTests";
				PRODUCT_NAME = "$(TARGET_NAME)";
				TEST_HOST = "$(BUILT_PRODUCTS_DIR)/your-desktop-image.app/Contents/MacOS/your-desktop-image";
			};
			name = Release;
		};
/* End XCBuildConfiguration section */

/* Begin XCConfigurationList section */
		2F4811C51CACDDBA0019171A /* Build configuration list for PBXProject "your-desktop-image" */ = {
			isa = XCConfigurationList;
			buildConfigurations = (
				2F4811E21CACDDBA0019171A /* Debug */,
				2F4811E31CACDDBA0019171A /* Release */,
			);
			defaultConfigurationIsVisible = 0;
			defaultConfigurationName = Release;
		};
		2F4811E41CACDDBA0019171A /* Build configuration list for PBXNativeTarget "your-desktop-image" */ = {
			isa = XCConfigurationList;
			buildConfigurations = (
				2F4811E51CACDDBA0019171A /* Debug */,
				2F4811E61CACDDBA0019171A /* Release */,
			);
			defaultConfigurationIsVisible = 0;
		};
		2F4811E71CACDDBA0019171A /* Build configuration list for PBXNativeTarget "your-desktop-imageTests" */ = {
			isa = XCConfigurationList;
			buildConfigurations = (
				2F4811E81CACDDBA0019171A /* Debug */,
				2F4811E91CACDDBA0019171A /* Release */,
			);
			defaultConfigurationIsVisible = 0;
		};
/* End XCConfigurationList section */
	};
	rootObject = 2F4811C21CACDDBA0019171A /* Project object */;
}
